
Microsoft Visual Studio Solution File, Format Version 10.00
# Visual Studio 2008
# SharpDevelop 3.2.1.6466
Project("{F184B08F-C81C-45F6-A57F-5ABD9991F28F}") = "ejercicio 17", "ejercicio 17\ejercicio 17.vbproj", "{CB869DEB-C570-4342-9312-2B8B16C44244}"
EndProject
Global
	GlobalSection(SolutionConfigurationPlatforms) = preSolution
		Debug|x86 = Debug|x86
		Release|x86 = Release|x86
	EndGlobalSection
	GlobalSection(ProjectConfigurationPlatforms) = postSolution
		{CB869DEB-C570-4342-9312-2B8B16C44244}.Debug|x86.Build.0 = Debug|x86
		{CB869DEB-C570-4342-9312-2B8B16C44244}.Debug|x86.ActiveCfg = Debug|x86
		{CB869DEB-C570-4342-9312-2B8B16C44244}.Release|x86.Build.0 = Release|x86
		{CB869DEB-C570-4342-9312-2B8B16C44244}.Release|x86.ActiveCfg = Release|x86
	EndGlobalSection
EndGlobal
