
Microsoft Visual Studio Solution File, Format Version 10.00
# Visual Studio 2008
# SharpDevelop 3.2.1.6466
Project("{F184B08F-C81C-45F6-A57F-5ABD9991F28F}") = "hola mundo", "hola mundo\hola mundo.vbproj", "{9E5078E7-817E-457C-832B-07CDBA991573}"
EndProject
Global
	GlobalSection(SolutionConfigurationPlatforms) = preSolution
		Debug|x86 = Debug|x86
		Release|x86 = Release|x86
	EndGlobalSection
	GlobalSection(ProjectConfigurationPlatforms) = postSolution
		{9E5078E7-817E-457C-832B-07CDBA991573}.Debug|x86.Build.0 = Debug|x86
		{9E5078E7-817E-457C-832B-07CDBA991573}.Debug|x86.ActiveCfg = Debug|x86
		{9E5078E7-817E-457C-832B-07CDBA991573}.Release|x86.Build.0 = Release|x86
		{9E5078E7-817E-457C-832B-07CDBA991573}.Release|x86.ActiveCfg = Release|x86
	EndGlobalSection
EndGlobal
